{
  "name": "oruga-mdi-example",
  "version": "1.0.0",
  "lockfileVersion": 2,
  "requires": true,
  "packages": {
    "": {
      "name": "oruga-mdi-example",
      "version": "1.0.0",
      "license": "MIT",
      "dependencies": {
        "@mdi/js": "^6.5.95",
        "@oruga-ui/oruga": "^0.5.2",
        "vue": "^2.6.14"
      }
    },
    "node_modules/@mdi/js": {
      "version": "6.5.95",
      "resolved": "https://registry.npmjs.org/@mdi/js/-/js-6.5.95.tgz",
      "integrity": "sha512-x/bwEoAGP+Mo10Dfk5audNIPi7Yz8ZBrILcbXLW3ShOI/njpgodzpgpC2WYK3D2ZSC392peRRemIFb/JsyzzYQ=="
    },
    "node_modules/@oruga-ui/oruga": {
      "version": "0.5.2",
      "resolved": "https://registry.npmjs.org/@oruga-ui/oruga/-/oruga-0.5.2.tgz",
      "integrity": "sha512-0+sAaWLmZQzhGSwZd7gz18NmMKEVsUg8IGYdPpcDp+cOnvEk1aPvQM9C23rDshqsybRQq+4q+3O2qaE+wMI0vA==",
      "peerDependencies": {
        "vue": "^2.6.11"
      }
    },
    "node_modules/vue": {
      "version": "2.6.14",
      "resolved": "https://registry.npmjs.org/vue/-/vue-2.6.14.tgz",
      "integrity": "sha512-x2284lgYvjOMj3Za7kqzRcUSxBboHqtgRE2zlos1qWaOye5yUmHn42LB1250NJBLRwEcdrB0JRwyPTEPhfQjiQ=="
    }
  },
  "dependencies": {
    "@mdi/js": {
      "version": "6.5.95",
      "resolved": "https://registry.npmjs.org/@mdi/js/-/js-6.5.95.tgz",
      "integrity": "sha512-x/bwEoAGP+Mo10Dfk5audNIPi7Yz8ZBrILcbXLW3ShOI/njpgodzpgpC2WYK3D2ZSC392peRRemIFb/JsyzzYQ=="
    },
    "@oruga-ui/oruga": {
      "version": "0.5.2",
      "resolved": "https://registry.npmjs.org/@oruga-ui/oruga/-/oruga-0.5.2.tgz",
      "integrity": "sha512-0+sAaWLmZQzhGSwZd7gz18NmMKEVsUg8IGYdPpcDp+cOnvEk1aPvQM9C23rDshqsybRQq+4q+3O2qaE+wMI0vA==",
      "requires": {}
    },
    "vue": {
      "version": "2.6.14",
      "resolved": "https://registry.npmjs.org/vue/-/vue-2.6.14.tgz",
      "integrity": "sha512-x2284lgYvjOMj3Za7kqzRcUSxBboHqtgRE2zlos1qWaOye5yUmHn42LB1250NJBLRwEcdrB0JRwyPTEPhfQjiQ=="
    }
  }
}
